
Microsoft Visual Studio Solution File, Format Version 12.00
# Visual Studio 15
VisualStudioVersion = 15.0.26124.0
MinimumVisualStudioVersion = 15.0.26124.0
Project("{FAE04EC0-301F-11D3-BF4B-00C04F79EFBC}") = "GateWay", "GateWay\GateWay.csproj", "{93BE05A0-85F3-4809-A40F-FB2C487F95D6}"
EndProject
Project("{FAE04EC0-301F-11D3-BF4B-00C04F79EFBC}") = "ServerA", "ServerA\ServerA.csproj", "{722C77D2-BA5D-4DE3-8D8F-37322C95EA6B}"
EndProject
Project("{FAE04EC0-301F-11D3-BF4B-00C04F79EFBC}") = "ServerB", "ServerB\ServerB.csproj", "{FE415CCE-1171-421F-8F2E-1BE9F1D36037}"
EndProject
Project("{FAE04EC0-301F-11D3-BF4B-00C04F79EFBC}") = "IdentityServer", "IdentityServer\IdentityServer.csproj", "{C4747FEC-380B-430C-B82D-974FAE7A4C5E}"
EndProject
Project("{FAE04EC0-301F-11D3-BF4B-00C04F79EFBC}") = "Client", "Client\Client.csproj", "{6B672C26-23B1-4F40-9015-7BB2A7C6319C}"
EndProject
Global
	GlobalSection(SolutionConfigurationPlatforms) = preSolution
		Debug|Any CPU = Debug|Any CPU
		Debug|x64 = Debug|x64
		Debug|x86 = Debug|x86
		Release|Any CPU = Release|Any CPU
		Release|x64 = Release|x64
		Release|x86 = Release|x86
	EndGlobalSection
	GlobalSection(SolutionProperties) = preSolution
		HideSolutionNode = FALSE
	EndGlobalSection
	GlobalSection(ProjectConfigurationPlatforms) = postSolution
		{93BE05A0-85F3-4809-A40F-FB2C487F95D6}.Debug|Any CPU.ActiveCfg = Debug|Any CPU
		{93BE05A0-85F3-4809-A40F-FB2C487F95D6}.Debug|Any CPU.Build.0 = Debug|Any CPU
		{93BE05A0-85F3-4809-A40F-FB2C487F95D6}.Debug|x64.ActiveCfg = Debug|Any CPU
		{93BE05A0-85F3-4809-A40F-FB2C487F95D6}.Debug|x64.Build.0 = Debug|Any CPU
		{93BE05A0-85F3-4809-A40F-FB2C487F95D6}.Debug|x86.ActiveCfg = Debug|Any CPU
		{93BE05A0-85F3-4809-A40F-FB2C487F95D6}.Debug|x86.Build.0 = Debug|Any CPU
		{93BE05A0-85F3-4809-A40F-FB2C487F95D6}.Release|Any CPU.ActiveCfg = Release|Any CPU
		{93BE05A0-85F3-4809-A40F-FB2C487F95D6}.Release|Any CPU.Build.0 = Release|Any CPU
		{93BE05A0-85F3-4809-A40F-FB2C487F95D6}.Release|x64.ActiveCfg = Release|Any CPU
		{93BE05A0-85F3-4809-A40F-FB2C487F95D6}.Release|x64.Build.0 = Release|Any CPU
		{93BE05A0-85F3-4809-A40F-FB2C487F95D6}.Release|x86.ActiveCfg = Release|Any CPU
		{93BE05A0-85F3-4809-A40F-FB2C487F95D6}.Release|x86.Build.0 = Release|Any CPU
		{722C77D2-BA5D-4DE3-8D8F-37322C95EA6B}.Debug|Any CPU.ActiveCfg = Debug|Any CPU
		{722C77D2-BA5D-4DE3-8D8F-37322C95EA6B}.Debug|Any CPU.Build.0 = Debug|Any CPU
		{722C77D2-BA5D-4DE3-8D8F-37322C95EA6B}.Debug|x64.ActiveCfg = Debug|Any CPU
		{722C77D2-BA5D-4DE3-8D8F-37322C95EA6B}.Debug|x64.Build.0 = Debug|Any CPU
		{722C77D2-BA5D-4DE3-8D8F-37322C95EA6B}.Debug|x86.ActiveCfg = Debug|Any CPU
		{722C77D2-BA5D-4DE3-8D8F-37322C95EA6B}.Debug|x86.Build.0 = Debug|Any CPU
		{722C77D2-BA5D-4DE3-8D8F-37322C95EA6B}.Release|Any CPU.ActiveCfg = Release|Any CPU
		{722C77D2-BA5D-4DE3-8D8F-37322C95EA6B}.Release|Any CPU.Build.0 = Release|Any CPU
		{722C77D2-BA5D-4DE3-8D8F-37322C95EA6B}.Release|x64.ActiveCfg = Release|Any CPU
		{722C77D2-BA5D-4DE3-8D8F-37322C95EA6B}.Release|x64.Build.0 = Release|Any CPU
		{722C77D2-BA5D-4DE3-8D8F-37322C95EA6B}.Release|x86.ActiveCfg = Release|Any CPU
		{722C77D2-BA5D-4DE3-8D8F-37322C95EA6B}.Release|x86.Build.0 = Release|Any CPU
		{FE415CCE-1171-421F-8F2E-1BE9F1D36037}.Debug|Any CPU.ActiveCfg = Debug|Any CPU
		{FE415CCE-1171-421F-8F2E-1BE9F1D36037}.Debug|Any CPU.Build.0 = Debug|Any CPU
		{FE415CCE-1171-421F-8F2E-1BE9F1D36037}.Debug|x64.ActiveCfg = Debug|Any CPU
		{FE415CCE-1171-421F-8F2E-1BE9F1D36037}.Debug|x64.Build.0 = Debug|Any CPU
		{FE415CCE-1171-421F-8F2E-1BE9F1D36037}.Debug|x86.ActiveCfg = Debug|Any CPU
		{FE415CCE-1171-421F-8F2E-1BE9F1D36037}.Debug|x86.Build.0 = Debug|Any CPU
		{FE415CCE-1171-421F-8F2E-1BE9F1D36037}.Release|Any CPU.ActiveCfg = Release|Any CPU
		{FE415CCE-1171-421F-8F2E-1BE9F1D36037}.Release|Any CPU.Build.0 = Release|Any CPU
		{FE415CCE-1171-421F-8F2E-1BE9F1D36037}.Release|x64.ActiveCfg = Release|Any CPU
		{FE415CCE-1171-421F-8F2E-1BE9F1D36037}.Release|x64.Build.0 = Release|Any CPU
		{FE415CCE-1171-421F-8F2E-1BE9F1D36037}.Release|x86.ActiveCfg = Release|Any CPU
		{FE415CCE-1171-421F-8F2E-1BE9F1D36037}.Release|x86.Build.0 = Release|Any CPU
		{C4747FEC-380B-430C-B82D-974FAE7A4C5E}.Debug|Any CPU.ActiveCfg = Debug|Any CPU
		{C4747FEC-380B-430C-B82D-974FAE7A4C5E}.Debug|Any CPU.Build.0 = Debug|Any CPU
		{C4747FEC-380B-430C-B82D-974FAE7A4C5E}.Debug|x64.ActiveCfg = Debug|Any CPU
		{C4747FEC-380B-430C-B82D-974FAE7A4C5E}.Debug|x64.Build.0 = Debug|Any CPU
		{C4747FEC-380B-430C-B82D-974FAE7A4C5E}.Debug|x86.ActiveCfg = Debug|Any CPU
		{C4747FEC-380B-430C-B82D-974FAE7A4C5E}.Debug|x86.Build.0 = Debug|Any CPU
		{C4747FEC-380B-430C-B82D-974FAE7A4C5E}.Release|Any CPU.ActiveCfg = Release|Any CPU
		{C4747FEC-380B-430C-B82D-974FAE7A4C5E}.Release|Any CPU.Build.0 = Release|Any CPU
		{C4747FEC-380B-430C-B82D-974FAE7A4C5E}.Release|x64.ActiveCfg = Release|Any CPU
		{C4747FEC-380B-430C-B82D-974FAE7A4C5E}.Release|x64.Build.0 = Release|Any CPU
		{C4747FEC-380B-430C-B82D-974FAE7A4C5E}.Release|x86.ActiveCfg = Release|Any CPU
		{C4747FEC-380B-430C-B82D-974FAE7A4C5E}.Release|x86.Build.0 = Release|Any CPU
		{6B672C26-23B1-4F40-9015-7BB2A7C6319C}.Debug|Any CPU.ActiveCfg = Debug|Any CPU
		{6B672C26-23B1-4F40-9015-7BB2A7C6319C}.Debug|Any CPU.Build.0 = Debug|Any CPU
		{6B672C26-23B1-4F40-9015-7BB2A7C6319C}.Debug|x64.ActiveCfg = Debug|Any CPU
		{6B672C26-23B1-4F40-9015-7BB2A7C6319C}.Debug|x64.Build.0 = Debug|Any CPU
		{6B672C26-23B1-4F40-9015-7BB2A7C6319C}.Debug|x86.ActiveCfg = Debug|Any CPU
		{6B672C26-23B1-4F40-9015-7BB2A7C6319C}.Debug|x86.Build.0 = Debug|Any CPU
		{6B672C26-23B1-4F40-9015-7BB2A7C6319C}.Release|Any CPU.ActiveCfg = Release|Any CPU
		{6B672C26-23B1-4F40-9015-7BB2A7C6319C}.Release|Any CPU.Build.0 = Release|Any CPU
		{6B672C26-23B1-4F40-9015-7BB2A7C6319C}.Release|x64.ActiveCfg = Release|Any CPU
		{6B672C26-23B1-4F40-9015-7BB2A7C6319C}.Release|x64.Build.0 = Release|Any CPU
		{6B672C26-23B1-4F40-9015-7BB2A7C6319C}.Release|x86.ActiveCfg = Release|Any CPU
		{6B672C26-23B1-4F40-9015-7BB2A7C6319C}.Release|x86.Build.0 = Release|Any CPU
	EndGlobalSection
EndGlobal
